
Microsoft Visual Studio Solution File, Format Version 12.00
# Visual Studio Version 17
VisualStudioVersion = 17.5.002.0
MinimumVisualStudioVersion = 10.0.40219.1
Project("{9A19103F-16F7-4668-BE54-9A1E7A4F7556}") = "Library", "Library\Library.csproj", "{BBBE5E44-3AE3-495B-8426-63645F80114D}"
EndProject
Project("{9A19103F-16F7-4668-BE54-9A1E7A4F7556}") = "Program", "Program\Program.csproj", "{F27C30FE-990D-4525-B0E1-D19E52FBEC70}"
EndProject
Global
	GlobalSection(SolutionConfigurationPlatforms) = preSolution
		Debug|Any CPU = Debug|Any CPU
		Release|Any CPU = Release|Any CPU
	EndGlobalSection
	GlobalSection(ProjectConfigurationPlatforms) = postSolution
		{BBBE5E44-3AE3-495B-8426-63645F80114D}.Debug|Any CPU.ActiveCfg = Debug|Any CPU
		{BBBE5E44-3AE3-495B-8426-63645F80114D}.Debug|Any CPU.Build.0 = Debug|Any CPU
		{BBBE5E44-3AE3-495B-8426-63645F80114D}.Release|Any CPU.ActiveCfg = Release|Any CPU
		{BBBE5E44-3AE3-495B-8426-63645F80114D}.Release|Any CPU.Build.0 = Release|Any CPU
		{F27C30FE-990D-4525-B0E1-D19E52FBEC70}.Debug|Any CPU.ActiveCfg = Debug|Any CPU
		{F27C30FE-990D-4525-B0E1-D19E52FBEC70}.Debug|Any CPU.Build.0 = Debug|Any CPU
		{F27C30FE-990D-4525-B0E1-D19E52FBEC70}.Release|Any CPU.ActiveCfg = Release|Any CPU
		{F27C30FE-990D-4525-B0E1-D19E52FBEC70}.Release|Any CPU.Build.0 = Release|Any CPU
	EndGlobalSection
	GlobalSection(SolutionProperties) = preSolution
		HideSolutionNode = FALSE
	EndGlobalSection
	GlobalSection(ExtensibilityGlobals) = postSolution
		SolutionGuid = {4EFA3B9F-825A-4E3D-AF13-A7AB823C4D98}
	EndGlobalSection
EndGlobal
